// !$*UTF8*$!
{
	archiveVersion = 1;
	classes = {
	};
	objectVersion = 51;
	objects = {

/* Begin PBXBuildFile section */
		46A4945833400AE862BBB736 /* Pods_MindWeather_iOS.framework in Frameworks */ = {isa = PBXBuildFile; fileRef = 848834E156DDFBB32D9B0308 /* Pods_MindWeather_iOS.framework */; };
		6EA8551827C20F6A0043524F /* UIColor+Extension.swift in Sources */ = {isa = PBXBuildFile; fileRef = 6EA8551727C20F6A0043524F /* UIColor+Extension.swift */; };
		6EA8551B27CB7F870043524F /* RepositoryInjector.swift in Sources */ = {isa = PBXBuildFile; fileRef = 6EA8551A27CB7F870043524F /* RepositoryInjector.swift */; };
		6EA8551D27CB7F910043524F /* ServiceInjector.swift in Sources */ = {isa = PBXBuildFile; fileRef = 6EA8551C27CB7F910043524F /* ServiceInjector.swift */; };
		6EB044102680169100E047A7 /* SignUpViewController.swift in Sources */ = {isa = PBXBuildFile; fileRef = 6EB0440F2680169100E047A7 /* SignUpViewController.swift */; };
		6EB04412268016C200E047A7 /* SignUp.storyboard in Resources */ = {isa = PBXBuildFile; fileRef = 6EB04411268016C200E047A7 /* SignUp.storyboard */; };
		6EB044142680306900E047A7 /* SignUpRequest.swift in Sources */ = {isa = PBXBuildFile; fileRef = 6EB044132680306900E047A7 /* SignUpRequest.swift */; };
		6EB04416268035CC00E047A7 /* Main.storyboard in Resources */ = {isa = PBXBuildFile; fileRef = 6EB04415268035CC00E047A7 /* Main.storyboard */; };
		6EB0441826804FA400E047A7 /* MainTabBarViewController.swift in Sources */ = {isa = PBXBuildFile; fileRef = 6EB0441726804FA400E047A7 /* MainTabBarViewController.swift */; };
		6EB0441A26808A4E00E047A7 /* BaseLogger.swift in Sources */ = {isa = PBXBuildFile; fileRef = 6EB0441926808A4E00E047A7 /* BaseLogger.swift */; };
		6EB0441C2680B92800E047A7 /* BaseRouter.swift in Sources */ = {isa = PBXBuildFile; fileRef = 6EB0441B2680B92800E047A7 /* BaseRouter.swift */; };
		6EB0441E2680D2FF00E047A7 /* Diary.swift in Sources */ = {isa = PBXBuildFile; fileRef = 6EB0441D2680D2FF00E047A7 /* Diary.swift */; };
		6EB044202680D3F400E047A7 /* Content.swift in Sources */ = {isa = PBXBuildFile; fileRef = 6EB0441F2680D3F400E047A7 /* Content.swift */; };
		6EB044252680D57800E047A7 /* DiaryRepo.swift in Sources */ = {isa = PBXBuildFile; fileRef = 6EB044242680D57800E047A7 /* DiaryRepo.swift */; };
		6EB044272680D66F00E047A7 /* DiaryRepoImpl.swift in Sources */ = {isa = PBXBuildFile; fileRef = 6EB044262680D66F00E047A7 /* DiaryRepoImpl.swift */; };
		6EB0442926816AC300E047A7 /* DiaryService.swift in Sources */ = {isa = PBXBuildFile; fileRef = 6EB0442826816AC300E047A7 /* DiaryService.swift */; };
		6EB0442B26816AD100E047A7 /* DiaryServiceImpl.swift in Sources */ = {isa = PBXBuildFile; fileRef = 6EB0442A26816AD100E047A7 /* DiaryServiceImpl.swift */; };
		6EB0442D26816B4400E047A7 /* Emotion.swift in Sources */ = {isa = PBXBuildFile; fileRef = 6EB0442C26816B4400E047A7 /* Emotion.swift */; };
		6EB6F96B26A282F30087B19F /* PersonalInformationProcessingViewController.swift in Sources */ = {isa = PBXBuildFile; fileRef = 6EB6F96A26A282F30087B19F /* PersonalInformationProcessingViewController.swift */; };
		6EB6F96D26A283410087B19F /* PersonalInformationProcessing.storyboard in Resources */ = {isa = PBXBuildFile; fileRef = 6EB6F96C26A283410087B19F /* PersonalInformationProcessing.storyboard */; };
		6EBE37AB26783D1C008BB15D /* AppDelegate.swift in Sources */ = {isa = PBXBuildFile; fileRef = 6EBE37AA26783D1C008BB15D /* AppDelegate.swift */; };
		6EBE37AD26783D1C008BB15D /* SceneDelegate.swift in Sources */ = {isa = PBXBuildFile; fileRef = 6EBE37AC26783D1C008BB15D /* SceneDelegate.swift */; };
		6EBE37AF26783D1C008BB15D /* FlashViewController.swift in Sources */ = {isa = PBXBuildFile; fileRef = 6EBE37AE26783D1C008BB15D /* FlashViewController.swift */; };
		6EBE37B426783D28008BB15D /* Assets.xcassets in Resources */ = {isa = PBXBuildFile; fileRef = 6EBE37B326783D28008BB15D /* Assets.xcassets */; };
		6EBE37B726783D28008BB15D /* LaunchScreen.storyboard in Resources */ = {isa = PBXBuildFile; fileRef = 6EBE37B526783D28008BB15D /* LaunchScreen.storyboard */; };
		6EBE37C926786A13008BB15D /* Tutorial.storyboard in Resources */ = {isa = PBXBuildFile; fileRef = 6EBE37C826786A13008BB15D /* Tutorial.storyboard */; };
		6EBE37CB267871B6008BB15D /* TutorialViewController.swift in Sources */ = {isa = PBXBuildFile; fileRef = 6EBE37CA267871B6008BB15D /* TutorialViewController.swift */; };
		6EBE37D1267A262E008BB15D /* LoginViewController.swift in Sources */ = {isa = PBXBuildFile; fileRef = 6EBE37D0267A262E008BB15D /* LoginViewController.swift */; };
		6EBE37D3267A2656008BB15D /* Login.storyboard in Resources */ = {isa = PBXBuildFile; fileRef = 6EBE37D2267A2656008BB15D /* Login.storyboard */; };
		6EBE37D5267A2ACA008BB15D /* Constant.swift in Sources */ = {isa = PBXBuildFile; fileRef = 6EBE37D4267A2ACA008BB15D /* Constant.swift */; };
		6EBE37D7267ED4FB008BB15D /* LoginRequest.swift in Sources */ = {isa = PBXBuildFile; fileRef = 6EBE37D6267ED4FB008BB15D /* LoginRequest.swift */; };
		6EBE37D9267F2C46008BB15D /* AlamofireManager.swift in Sources */ = {isa = PBXBuildFile; fileRef = 6EBE37D8267F2C46008BB15D /* AlamofireManager.swift */; };
		6EBE37DB267F2D25008BB15D /* BaseInterceptor.swift in Sources */ = {isa = PBXBuildFile; fileRef = 6EBE37DA267F2D25008BB15D /* BaseInterceptor.swift */; };
		6EBE37DD267F38F0008BB15D /* LoginSignUpReturn.swift in Sources */ = {isa = PBXBuildFile; fileRef = 6EBE37DC267F38F0008BB15D /* LoginSignUpReturn.swift */; };
		6EBE37DF267F391F008BB15D /* LoginSignUpUser.swift in Sources */ = {isa = PBXBuildFile; fileRef = 6EBE37DE267F391F008BB15D /* LoginSignUpUser.swift */; };
		6EC26BB1268B3A3200391916 /* DiaryDetail.storyboard in Resources */ = {isa = PBXBuildFile; fileRef = 6EC26BB0268B3A3200391916 /* DiaryDetail.storyboard */; };
		6EC26BB5268B3D7600391916 /* EmotionViewController.swift in Sources */ = {isa = PBXBuildFile; fileRef = 6EC26BB4268B3D7600391916 /* EmotionViewController.swift */; };
		6EC26BB7268B533100391916 /* DiaryEditViewController.swift in Sources */ = {isa = PBXBuildFile; fileRef = 6EC26BB6268B533100391916 /* DiaryEditViewController.swift */; };
		6EC26BBD268B69F800391916 /* EditClickViewController.swift in Sources */ = {isa = PBXBuildFile; fileRef = 6EC26BBC268B69F800391916 /* EditClickViewController.swift */; };
		6EC26BBF268B6A1100391916 /* DiaryEdit.storyboard in Resources */ = {isa = PBXBuildFile; fileRef = 6EC26BBE268B6A1100391916 /* DiaryEdit.storyboard */; };
		6EC26BC1268F351300391916 /* WeatherDescription.storyboard in Resources */ = {isa = PBXBuildFile; fileRef = 6EC26BC0268F351300391916 /* WeatherDescription.storyboard */; };
		6EC26BC3268F423900391916 /* WeatherDescriptionViewController.swift in Sources */ = {isa = PBXBuildFile; fileRef = 6EC26BC2268F423900391916 /* WeatherDescriptionViewController.swift */; };
		6EC26BC5268F443C00391916 /* MyPageViewController.swift in Sources */ = {isa = PBXBuildFile; fileRef = 6EC26BC4268F443C00391916 /* MyPageViewController.swift */; };
		6EC26BC7268F4B6200391916 /* NickNameEdit.storyboard in Resources */ = {isa = PBXBuildFile; fileRef = 6EC26BC6268F4B6200391916 /* NickNameEdit.storyboard */; };
		6EC26BC9268F4B7F00391916 /* NickNameEditViewController.swift in Sources */ = {isa = PBXBuildFile; fileRef = 6EC26BC8268F4B7F00391916 /* NickNameEditViewController.swift */; };
		6EC26BCB2690091800391916 /* ChangeUserName.swift in Sources */ = {isa = PBXBuildFile; fileRef = 6EC26BCA2690091800391916 /* ChangeUserName.swift */; };
		6EC26BCD269022FB00391916 /* ChangePassword.swift in Sources */ = {isa = PBXBuildFile; fileRef = 6EC26BCC269022FB00391916 /* ChangePassword.swift */; };
		6EC26BCF2690235A00391916 /* PasswordEdit.storyboard in Resources */ = {isa = PBXBuildFile; fileRef = 6EC26BCE2690235A00391916 /* PasswordEdit.storyboard */; };
		6EC26BD12690236E00391916 /* PasswordEditViewController.swift in Sources */ = {isa = PBXBuildFile; fileRef = 6EC26BD02690236E00391916 /* PasswordEditViewController.swift */; };
		6EC26BD3269328DC00391916 /* EmotionViewModel.swift in Sources */ = {isa = PBXBuildFile; fileRef = 6EC26BD2269328DB00391916 /* EmotionViewModel.swift */; };
		6EC26BD82694736300391916 /* nanumpen.ttf in Resources */ = {isa = PBXBuildFile; fileRef = 6EC26BD72694736300391916 /* nanumpen.ttf */; };
		6EC26BEA26948C8D00391916 /* NanumGothic.ttf in Resources */ = {isa = PBXBuildFile; fileRef = 6EC26BE926948C8D00391916 /* NanumGothic.ttf */; };
		6EC26BEE26948E2C00391916 /* NanumMyeongjo.ttf in Resources */ = {isa = PBXBuildFile; fileRef = 6EC26BED26948E2C00391916 /* NanumMyeongjo.ttf */; };
		6EC26BF026948E9700391916 /* NanumMyeongjoBold.ttf in Resources */ = {isa = PBXBuildFile; fileRef = 6EC26BEF26948E9700391916 /* NanumMyeongjoBold.ttf */; };
		6EC26BF72694907000391916 /* NanumSquareRoundR.ttf in Resources */ = {isa = PBXBuildFile; fileRef = 6EC26BF52694907000391916 /* NanumSquareRoundR.ttf */; };
		6EC26BF82694907000391916 /* NanumSquareRoundB.ttf in Resources */ = {isa = PBXBuildFile; fileRef = 6EC26BF62694907000391916 /* NanumSquareRoundB.ttf */; };
		6EC26BFC2699FF9E00391916 /* Flash.storyboard in Resources */ = {isa = PBXBuildFile; fileRef = 6EC26BFB2699FF9E00391916 /* Flash.storyboard */; };
		6EC26C00269AA34100391916 /* InfoPlist.strings in Resources */ = {isa = PBXBuildFile; fileRef = 6EC26C02269AA34100391916 /* InfoPlist.strings */; };
		6EEC0A8E2686FF0E00F3ABEC /* DiaryListViewModel.swift in Sources */ = {isa = PBXBuildFile; fileRef = 6EEC0A8D2686FF0E00F3ABEC /* DiaryListViewModel.swift */; };
		6EEC0A902686FF1E00F3ABEC /* DiaryDetailViewModel.swift in Sources */ = {isa = PBXBuildFile; fileRef = 6EEC0A8F2686FF1E00F3ABEC /* DiaryDetailViewModel.swift */; };
		6EEC0A922687063B00F3ABEC /* DiaryListViewController.swift in Sources */ = {isa = PBXBuildFile; fileRef = 6EEC0A912687063B00F3ABEC /* DiaryListViewController.swift */; };
		6EEC0A962687801100F3ABEC /* DiaryListCell.swift in Sources */ = {isa = PBXBuildFile; fileRef = 6EEC0A942687801100F3ABEC /* DiaryListCell.swift */; };
		6EEC0A972687801100F3ABEC /* DiaryListCell.xib in Resources */ = {isa = PBXBuildFile; fileRef = 6EEC0A952687801100F3ABEC /* DiaryListCell.xib */; };
		6EEC0A99268877FD00F3ABEC /* DiaryDetailViewController.swift in Sources */ = {isa = PBXBuildFile; fileRef = 6EEC0A98268877FD00F3ABEC /* DiaryDetailViewController.swift */; };
/* End PBXBuildFile section */

/* Begin PBXFileReference section */
		6EA8551727C20F6A0043524F /* UIColor+Extension.swift */ = {isa = PBXFileReference; lastKnownFileType = sourcecode.swift; path = "UIColor+Extension.swift"; sourceTree = "<group>"; };
		6EA8551A27CB7F870043524F /* RepositoryInjector.swift */ = {isa = PBXFileReference; lastKnownFileType = sourcecode.swift; path = RepositoryInjector.swift; sourceTree = "<group>"; };
		6EA8551C27CB7F910043524F /* ServiceInjector.swift */ = {isa = PBXFileReference; lastKnownFileType = sourcecode.swift; path = ServiceInjector.swift; sourceTree = "<group>"; };
		6EB0440F2680169100E047A7 /* SignUpViewController.swift */ = {isa = PBXFileReference; lastKnownFileType = sourcecode.swift; path = SignUpViewController.swift; sourceTree = "<group>"; };
		6EB04411268016C200E047A7 /* SignUp.storyboard */ = {isa = PBXFileReference; lastKnownFileType = file.storyboard; path = SignUp.storyboard; sourceTree = "<group>"; };
		6EB044132680306900E047A7 /* SignUpRequest.swift */ = {isa = PBXFileReference; lastKnownFileType = sourcecode.swift; path = SignUpRequest.swift; sourceTree = "<group>"; };
		6EB04415268035CC00E047A7 /* Main.storyboard */ = {isa = PBXFileReference; lastKnownFileType = file.storyboard; path = Main.storyboard; sourceTree = "<group>"; };
		6EB0441726804FA400E047A7 /* MainTabBarViewController.swift */ = {isa = PBXFileReference; lastKnownFileType = sourcecode.swift; path = MainTabBarViewController.swift; sourceTree = "<group>"; };
		6EB0441926808A4E00E047A7 /* BaseLogger.swift */ = {isa = PBXFileReference; lastKnownFileType = sourcecode.swift; path = BaseLogger.swift; sourceTree = "<group>"; };
		6EB0441B2680B92800E047A7 /* BaseRouter.swift */ = {isa = PBXFileReference; lastKnownFileType = sourcecode.swift; path = BaseRouter.swift; sourceTree = "<group>"; };
		6EB0441D2680D2FF00E047A7 /* Diary.swift */ = {isa = PBXFileReference; lastKnownFileType = sourcecode.swift; path = Diary.swift; sourceTree = "<group>"; };
		6EB0441F2680D3F400E047A7 /* Content.swift */ = {isa = PBXFileReference; lastKnownFileType = sourcecode.swift; path = Content.swift; sourceTree = "<group>"; };
		6EB044242680D57800E047A7 /* DiaryRepo.swift */ = {isa = PBXFileReference; lastKnownFileType = sourcecode.swift; path = DiaryRepo.swift; sourceTree = "<group>"; };
		6EB044262680D66F00E047A7 /* DiaryRepoImpl.swift */ = {isa = PBXFileReference; lastKnownFileType = sourcecode.swift; path = DiaryRepoImpl.swift; sourceTree = "<group>"; };
		6EB0442826816AC300E047A7 /* DiaryService.swift */ = {isa = PBXFileReference; lastKnownFileType = sourcecode.swift; path = DiaryService.swift; sourceTree = "<group>"; };
		6EB0442A26816AD100E047A7 /* DiaryServiceImpl.swift */ = {isa = PBXFileReference; lastKnownFileType = sourcecode.swift; path = DiaryServiceImpl.swift; sourceTree = "<group>"; };
		6EB0442C26816B4400E047A7 /* Emotion.swift */ = {isa = PBXFileReference; lastKnownFileType = sourcecode.swift; path = Emotion.swift; sourceTree = "<group>"; };
		6EB6F96A26A282F30087B19F /* PersonalInformationProcessingViewController.swift */ = {isa = PBXFileReference; lastKnownFileType = sourcecode.swift; path = PersonalInformationProcessingViewController.swift; sourceTree = "<group>"; };
		6EB6F96C26A283410087B19F /* PersonalInformationProcessing.storyboard */ = {isa = PBXFileReference; lastKnownFileType = file.storyboard; path = PersonalInformationProcessing.storyboard; sourceTree = "<group>"; };
		6EBE37A726783D1C008BB15D /* MindWeather-iOS.app */ = {isa = PBXFileReference; explicitFileType = wrapper.application; includeInIndex = 0; path = "MindWeather-iOS.app"; sourceTree = BUILT_PRODUCTS_DIR; };
		6EBE37AA26783D1C008BB15D /* AppDelegate.swift */ = {isa = PBXFileReference; lastKnownFileType = sourcecode.swift; path = AppDelegate.swift; sourceTree = "<group>"; };
		6EBE37AC26783D1C008BB15D /* SceneDelegate.swift */ = {isa = PBXFileReference; lastKnownFileType = sourcecode.swift; path = SceneDelegate.swift; sourceTree = "<group>"; };
		6EBE37AE26783D1C008BB15D /* FlashViewController.swift */ = {isa = PBXFileReference; lastKnownFileType = sourcecode.swift; path = FlashViewController.swift; sourceTree = "<group>"; };
		6EBE37B326783D28008BB15D /* Assets.xcassets */ = {isa = PBXFileReference; lastKnownFileType = folder.assetcatalog; path = Assets.xcassets; sourceTree = "<group>"; };
		6EBE37B626783D28008BB15D /* Base */ = {isa = PBXFileReference; lastKnownFileType = file.storyboard; name = Base; path = Base.lproj/LaunchScreen.storyboard; sourceTree = "<group>"; };
		6EBE37B826783D28008BB15D /* Info.plist */ = {isa = PBXFileReference; lastKnownFileType = text.plist.xml; path = Info.plist; sourceTree = "<group>"; };
		6EBE37C826786A13008BB15D /* Tutorial.storyboard */ = {isa = PBXFileReference; lastKnownFileType = file.storyboard; path = Tutorial.storyboard; sourceTree = "<group>"; };
		6EBE37CA267871B6008BB15D /* TutorialViewController.swift */ = {isa = PBXFileReference; lastKnownFileType = sourcecode.swift; path = TutorialViewController.swift; sourceTree = "<group>"; };
		6EBE37D0267A262E008BB15D /* LoginViewController.swift */ = {isa = PBXFileReference; lastKnownFileType = sourcecode.swift; path = LoginViewController.swift; sourceTree = "<group>"; };
		6EBE37D2267A2656008BB15D /* Login.storyboard */ = {isa = PBXFileReference; lastKnownFileType = file.storyboard; path = Login.storyboard; sourceTree = "<group>"; };
		6EBE37D4267A2ACA008BB15D /* Constant.swift */ = {isa = PBXFileReference; lastKnownFileType = sourcecode.swift; path = Constant.swift; sourceTree = "<group>"; };
		6EBE37D6267ED4FB008BB15D /* LoginRequest.swift */ = {isa = PBXFileReference; lastKnownFileType = sourcecode.swift; path = LoginRequest.swift; sourceTree = "<group>"; };
		6EBE37D8267F2C46008BB15D /* AlamofireManager.swift */ = {isa = PBXFileReference; lastKnownFileType = sourcecode.swift; path = AlamofireManager.swift; sourceTree = "<group>"; };
		6EBE37DA267F2D25008BB15D /* BaseInterceptor.swift */ = {isa = PBXFileReference; lastKnownFileType = sourcecode.swift; path = BaseInterceptor.swift; sourceTree = "<group>"; };
		6EBE37DC267F38F0008BB15D /* LoginSignUpReturn.swift */ = {isa = PBXFileReference; lastKnownFileType = sourcecode.swift; path = LoginSignUpReturn.swift; sourceTree = "<group>"; };
		6EBE37DE267F391F008BB15D /* LoginSignUpUser.swift */ = {isa = PBXFileReference; lastKnownFileType = sourcecode.swift; path = LoginSignUpUser.swift; sourceTree = "<group>"; };
		6EC26BB0268B3A3200391916 /* DiaryDetail.storyboard */ = {isa = PBXFileReference; lastKnownFileType = file.storyboard; path = DiaryDetail.storyboard; sourceTree = "<group>"; };
		6EC26BB4268B3D7600391916 /* EmotionViewController.swift */ = {isa = PBXFileReference; lastKnownFileType = sourcecode.swift; path = EmotionViewController.swift; sourceTree = "<group>"; };
		6EC26BB6268B533100391916 /* DiaryEditViewController.swift */ = {isa = PBXFileReference; lastKnownFileType = sourcecode.swift; path = DiaryEditViewController.swift; sourceTree = "<group>"; };
		6EC26BBC268B69F800391916 /* EditClickViewController.swift */ = {isa = PBXFileReference; lastKnownFileType = sourcecode.swift; path = EditClickViewController.swift; sourceTree = "<group>"; };
		6EC26BBE268B6A1100391916 /* DiaryEdit.storyboard */ = {isa = PBXFileReference; lastKnownFileType = file.storyboard; path = DiaryEdit.storyboard; sourceTree = "<group>"; };
		6EC26BC0268F351300391916 /* WeatherDescription.storyboard */ = {isa = PBXFileReference; lastKnownFileType = file.storyboard; path = WeatherDescription.storyboard; sourceTree = "<group>"; };
		6EC26BC2268F423900391916 /* WeatherDescriptionViewController.swift */ = {isa = PBXFileReference; lastKnownFileType = sourcecode.swift; path = WeatherDescriptionViewController.swift; sourceTree = "<group>"; };
		6EC26BC4268F443C00391916 /* MyPageViewController.swift */ = {isa = PBXFileReference; lastKnownFileType = sourcecode.swift; path = MyPageViewController.swift; sourceTree = "<group>"; };
		6EC26BC6268F4B6200391916 /* NickNameEdit.storyboard */ = {isa = PBXFileReference; lastKnownFileType = file.storyboard; path = NickNameEdit.storyboard; sourceTree = "<group>"; };
		6EC26BC8268F4B7F00391916 /* NickNameEditViewController.swift */ = {isa = PBXFileReference; lastKnownFileType = sourcecode.swift; path = NickNameEditViewController.swift; sourceTree = "<group>"; };
		6EC26BCA2690091800391916 /* ChangeUserName.swift */ = {isa = PBXFileReference; lastKnownFileType = sourcecode.swift; path = ChangeUserName.swift; sourceTree = "<group>"; };
		6EC26BCC269022FB00391916 /* ChangePassword.swift */ = {isa = PBXFileReference; lastKnownFileType = sourcecode.swift; path = ChangePassword.swift; sourceTree = "<group>"; };
		6EC26BCE2690235A00391916 /* PasswordEdit.storyboard */ = {isa = PBXFileReference; lastKnownFileType = file.storyboard; path = PasswordEdit.storyboard; sourceTree = "<group>"; };
		6EC26BD02690236E00391916 /* PasswordEditViewController.swift */ = {isa = PBXFileReference; lastKnownFileType = sourcecode.swift; path = PasswordEditViewController.swift; sourceTree = "<group>"; };
		6EC26BD2269328DB00391916 /* EmotionViewModel.swift */ = {isa = PBXFileReference; lastKnownFileType = sourcecode.swift; path = EmotionViewModel.swift; sourceTree = "<group>"; };
		6EC26BD72694736300391916 /* nanumpen.ttf */ = {isa = PBXFileReference; lastKnownFileType = file; path = nanumpen.ttf; sourceTree = "<group>"; };
		6EC26BE926948C8D00391916 /* NanumGothic.ttf */ = {isa = PBXFileReference; lastKnownFileType = file; path = NanumGothic.ttf; sourceTree = "<group>"; };
		6EC26BED26948E2C00391916 /* NanumMyeongjo.ttf */ = {isa = PBXFileReference; lastKnownFileType = file; path = NanumMyeongjo.ttf; sourceTree = "<group>"; };
		6EC26BEF26948E9700391916 /* NanumMyeongjoBold.ttf */ = {isa = PBXFileReference; lastKnownFileType = file; path = NanumMyeongjoBold.ttf; sourceTree = "<group>"; };
		6EC26BF52694907000391916 /* NanumSquareRoundR.ttf */ = {isa = PBXFileReference; lastKnownFileType = file; path = NanumSquareRoundR.ttf; sourceTree = "<group>"; };
		6EC26BF62694907000391916 /* NanumSquareRoundB.ttf */ = {isa = PBXFileReference; lastKnownFileType = file; path = NanumSquareRoundB.ttf; sourceTree = "<group>"; };
		6EC26BFB2699FF9E00391916 /* Flash.storyboard */ = {isa = PBXFileReference; fileEncoding = 4; lastKnownFileType = file.storyboard; path = Flash.storyboard; sourceTree = "<group>"; };
		6EC26BFD269AA29700391916 /* ko */ = {isa = PBXFileReference; lastKnownFileType = text.plist.strings; name = ko; path = ko.lproj/LaunchScreen.strings; sourceTree = "<group>"; };
		6EC26C01269AA34100391916 /* ko */ = {isa = PBXFileReference; lastKnownFileType = text.plist.strings; name = ko; path = ko.lproj/InfoPlist.strings; sourceTree = "<group>"; };
		6EC26C03269AA34700391916 /* en */ = {isa = PBXFileReference; lastKnownFileType = text.plist.strings; name = en; path = en.lproj/InfoPlist.strings; sourceTree = "<group>"; };
		6EEC0A8D2686FF0E00F3ABEC /* DiaryListViewModel.swift */ = {isa = PBXFileReference; lastKnownFileType = sourcecode.swift; path = DiaryListViewModel.swift; sourceTree = "<group>"; };
		6EEC0A8F2686FF1E00F3ABEC /* DiaryDetailViewModel.swift */ = {isa = PBXFileReference; lastKnownFileType = sourcecode.swift; path = DiaryDetailViewModel.swift; sourceTree = "<group>"; };
		6EEC0A912687063B00F3ABEC /* DiaryListViewController.swift */ = {isa = PBXFileReference; lastKnownFileType = sourcecode.swift; path = DiaryListViewController.swift; sourceTree = "<group>"; };
		6EEC0A942687801100F3ABEC /* DiaryListCell.swift */ = {isa = PBXFileReference; lastKnownFileType = sourcecode.swift; path = DiaryListCell.swift; sourceTree = "<group>"; };
		6EEC0A952687801100F3ABEC /* DiaryListCell.xib */ = {isa = PBXFileReference; lastKnownFileType = file.xib; path = DiaryListCell.xib; sourceTree = "<group>"; };
		6EEC0A98268877FD00F3ABEC /* DiaryDetailViewController.swift */ = {isa = PBXFileReference; lastKnownFileType = sourcecode.swift; path = DiaryDetailViewController.swift; sourceTree = "<group>"; };
		848834E156DDFBB32D9B0308 /* Pods_MindWeather_iOS.framework */ = {isa = PBXFileReference; explicitFileType = wrapper.framework; includeInIndex = 0; path = Pods_MindWeather_iOS.framework; sourceTree = BUILT_PRODUCTS_DIR; };
		9C4C3D47ABB0C7D2B9A582AD /* Pods-MindWeather-iOS.debug.xcconfig */ = {isa = PBXFileReference; includeInIndex = 1; lastKnownFileType = text.xcconfig; name = "Pods-MindWeather-iOS.debug.xcconfig"; path = "Target Support Files/Pods-MindWeather-iOS/Pods-MindWeather-iOS.debug.xcconfig"; sourceTree = "<group>"; };
		C0CF7A0408CF898E6F103749 /* Pods-MindWeather-iOS.release.xcconfig */ = {isa = PBXFileReference; includeInIndex = 1; lastKnownFileType = text.xcconfig; name = "Pods-MindWeather-iOS.release.xcconfig"; path = "Target Support Files/Pods-MindWeather-iOS/Pods-MindWeather-iOS.release.xcconfig"; sourceTree = "<group>"; };
/* End PBXFileReference section */

/* Begin PBXFrameworksBuildPhase section */
		6EBE37A426783D1C008BB15D /* Frameworks */ = {
			isa = PBXFrameworksBuildPhase;
			buildActionMask = 2147483647;
			files = (
				46A4945833400AE862BBB736 /* Pods_MindWeather_iOS.framework in Frameworks */,
			);
			runOnlyForDeploymentPostprocessing = 0;
		};
/* End PBXFrameworksBuildPhase section */

/* Begin PBXGroup section */
		456D6035C3D1BC3621ECB02B /* Pods */ = {
			isa = PBXGroup;
			children = (
				9C4C3D47ABB0C7D2B9A582AD /* Pods-MindWeather-iOS.debug.xcconfig */,
				C0CF7A0408CF898E6F103749 /* Pods-MindWeather-iOS.release.xcconfig */,
			);
			path = Pods;
			sourceTree = "<group>";
		};
		6EA8551927CB7DA40043524F /* ImplInjector */ = {
			isa = PBXGroup;
			children = (
				6EA8551A27CB7F870043524F /* RepositoryInjector.swift */,
				6EA8551C27CB7F910043524F /* ServiceInjector.swift */,
			);
			path = ImplInjector;
			sourceTree = "<group>";
		};
		6EB044222680D50200E047A7 /* Repository */ = {
			isa = PBXGroup;
			children = (
				6EB044242680D57800E047A7 /* DiaryRepo.swift */,
				6EB044262680D66F00E047A7 /* DiaryRepoImpl.swift */,
			);
			path = Repository;
			sourceTree = "<group>";
		};
		6EBE379E26783D1C008BB15D = {
			isa = PBXGroup;
			children = (
				6EC26C02269AA34100391916 /* InfoPlist.strings */,
				6EBE37A926783D1C008BB15D /* MindWeather-iOS */,
				6EBE37A826783D1C008BB15D /* Products */,
				456D6035C3D1BC3621ECB02B /* Pods */,
				9B1B98016E1A2DC6C48A390D /* Frameworks */,
			);
			sourceTree = "<group>";
		};
		6EBE37A826783D1C008BB15D /* Products */ = {
			isa = PBXGroup;
			children = (
				6EBE37A726783D1C008BB15D /* MindWeather-iOS.app */,
			);
			name = Products;
			sourceTree = "<group>";
		};
		6EBE37A926783D1C008BB15D /* MindWeather-iOS */ = {
			isa = PBXGroup;
			children = (
				6EB044222680D50200E047A7 /* Repository */,
				6EBE37C126784227008BB15D /* Service */,
				6EBE37BE26784203008BB15D /* Model */,
				6EBE37C226784296008BB15D /* View */,
				6EBE37C02678421E008BB15D /* ViewModel */,
				6EBE37C3267842F4008BB15D /* Networking */,
				6EBE37C426784336008BB15D /* Common */,
				6EBE37C52678434A008BB15D /* Resources */,
				6EBE37AA26783D1C008BB15D /* AppDelegate.swift */,
				6EBE37AC26783D1C008BB15D /* SceneDelegate.swift */,
				6EBE37B826783D28008BB15D /* Info.plist */,
				6EBE37B526783D28008BB15D /* LaunchScreen.storyboard */,
			);
			path = "MindWeather-iOS";
			sourceTree = "<group>";
		};
		6EBE37BE26784203008BB15D /* Model */ = {
			isa = PBXGroup;
			children = (
				6EA8551927CB7DA40043524F /* ImplInjector */,
				6EBE37D6267ED4FB008BB15D /* LoginRequest.swift */,
				6EBE37DC267F38F0008BB15D /* LoginSignUpReturn.swift */,
				6EBE37DE267F391F008BB15D /* LoginSignUpUser.swift */,
				6EB044132680306900E047A7 /* SignUpRequest.swift */,
				6EB0441D2680D2FF00E047A7 /* Diary.swift */,
				6EB0441F2680D3F400E047A7 /* Content.swift */,
				6EB0442C26816B4400E047A7 /* Emotion.swift */,
				6EC26BCA2690091800391916 /* ChangeUserName.swift */,
				6EC26BCC269022FB00391916 /* ChangePassword.swift */,
			);
			path = Model;
			sourceTree = "<group>";
		};
		6EBE37C02678421E008BB15D /* ViewModel */ = {
			isa = PBXGroup;
			children = (
				6EEC0A8D2686FF0E00F3ABEC /* DiaryListViewModel.swift */,
				6EEC0A8F2686FF1E00F3ABEC /* DiaryDetailViewModel.swift */,
				6EC26BD2269328DB00391916 /* EmotionViewModel.swift */,
			);
			path = ViewModel;
			sourceTree = "<group>";
		};
		6EBE37C126784227008BB15D /* Service */ = {
			isa = PBXGroup;
			children = (
				6EB0442826816AC300E047A7 /* DiaryService.swift */,
				6EB0442A26816AD100E047A7 /* DiaryServiceImpl.swift */,
			);
			path = Service;
			sourceTree = "<group>";
		};
		6EBE37C226784296008BB15D /* View */ = {
			isa = PBXGroup;
			children = (
				6EEC0A9326877FF600F3ABEC /* Cell */,
				6EBE37CF267A1D27008BB15D /* ViewController */,
				6EBE37CE267A1D24008BB15D /* Storyboard */,
			);
			path = View;
			sourceTree = "<group>";
		};
		6EBE37C3267842F4008BB15D /* Networking */ = {
			isa = PBXGroup;
			children = (
				6EBE37D8267F2C46008BB15D /* AlamofireManager.swift */,
				6EBE37DA267F2D25008BB15D /* BaseInterceptor.swift */,
				6EB0441926808A4E00E047A7 /* BaseLogger.swift */,
				6EB0441B2680B92800E047A7 /* BaseRouter.swift */,
			);
			path = Networking;
			sourceTree = "<group>";
		};
		6EBE37C426784336008BB15D /* Common */ = {
			isa = PBXGroup;
			children = (
				6EBE37D4267A2ACA008BB15D /* Constant.swift */,
				6EA8551727C20F6A0043524F /* UIColor+Extension.swift */,
			);
			path = Common;
			sourceTree = "<group>";
		};
		6EBE37C52678434A008BB15D /* Resources */ = {
			isa = PBXGroup;
			children = (
				6EC26BD42694713800391916 /* Fonts */,
				6EBE37B326783D28008BB15D /* Assets.xcassets */,
			);
			path = Resources;
			sourceTree = "<group>";
		};
		6EBE37CE267A1D24008BB15D /* Storyboard */ = {
			isa = PBXGroup;
			children = (
				6EC26BFB2699FF9E00391916 /* Flash.storyboard */,
				6EBE37C826786A13008BB15D /* Tutorial.storyboard */,
				6EBE37D2267A2656008BB15D /* Login.storyboard */,
				6EB04411268016C200E047A7 /* SignUp.storyboard */,
				6EB04415268035CC00E047A7 /* Main.storyboard */,
				6EC26BB0268B3A3200391916 /* DiaryDetail.storyboard */,
				6EC26BBE268B6A1100391916 /* DiaryEdit.storyboard */,
				6EC26BC0268F351300391916 /* WeatherDescription.storyboard */,
				6EC26BC6268F4B6200391916 /* NickNameEdit.storyboard */,
				6EC26BCE2690235A00391916 /* PasswordEdit.storyboard */,
				6EB6F96C26A283410087B19F /* PersonalInformationProcessing.storyboard */,
			);
			path = Storyboard;
			sourceTree = "<group>";
		};
		6EBE37CF267A1D27008BB15D /* ViewController */ = {
			isa = PBXGroup;
			children = (
				6EBE37AE26783D1C008BB15D /* FlashViewController.swift */,
				6EBE37CA267871B6008BB15D /* TutorialViewController.swift */,
				6EBE37D0267A262E008BB15D /* LoginViewController.swift */,
				6EB0440F2680169100E047A7 /* SignUpViewController.swift */,
				6EB0441726804FA400E047A7 /* MainTabBarViewController.swift */,
				6EEC0A912687063B00F3ABEC /* DiaryListViewController.swift */,
				6EEC0A98268877FD00F3ABEC /* DiaryDetailViewController.swift */,
				6EC26BB4268B3D7600391916 /* EmotionViewController.swift */,
				6EC26BB6268B533100391916 /* DiaryEditViewController.swift */,
				6EC26BBC268B69F800391916 /* EditClickViewController.swift */,
				6EC26BC2268F423900391916 /* WeatherDescriptionViewController.swift */,
				6EC26BC4268F443C00391916 /* MyPageViewController.swift */,
				6EC26BC8268F4B7F00391916 /* NickNameEditViewController.swift */,
				6EC26BD02690236E00391916 /* PasswordEditViewController.swift */,
				6EB6F96A26A282F30087B19F /* PersonalInformationProcessingViewController.swift */,
			);
			path = ViewController;
			sourceTree = "<group>";
		};
		6EC26BD42694713800391916 /* Fonts */ = {
			isa = PBXGroup;
			children = (
				6EC26BED26948E2C00391916 /* NanumMyeongjo.ttf */,
				6EC26BE926948C8D00391916 /* NanumGothic.ttf */,
				6EC26BD72694736300391916 /* nanumpen.ttf */,
				6EC26BEF26948E9700391916 /* NanumMyeongjoBold.ttf */,
				6EC26BF62694907000391916 /* NanumSquareRoundB.ttf */,
				6EC26BF52694907000391916 /* NanumSquareRoundR.ttf */,
			);
			path = Fonts;
			sourceTree = "<group>";
		};
		6EEC0A9326877FF600F3ABEC /* Cell */ = {
			isa = PBXGroup;
			children = (
				6EEC0A942687801100F3ABEC /* DiaryListCell.swift */,
				6EEC0A952687801100F3ABEC /* DiaryListCell.xib */,
			);
			path = Cell;
			sourceTree = "<group>";
		};
		9B1B98016E1A2DC6C48A390D /* Frameworks */ = {
			isa = PBXGroup;
			children = (
				848834E156DDFBB32D9B0308 /* Pods_MindWeather_iOS.framework */,
			);
			name = Frameworks;
			sourceTree = "<group>";
		};
/* End PBXGroup section */

/* Begin PBXNativeTarget section */
		6EBE37A626783D1C008BB15D /* MindWeather-iOS */ = {
			isa = PBXNativeTarget;
			buildConfigurationList = 6EBE37BB26783D28008BB15D /* Build configuration list for PBXNativeTarget "MindWeather-iOS" */;
			buildPhases = (
				EF4EF2DF03CB87D96703FF4F /* [CP] Check Pods Manifest.lock */,
				6EBE37A326783D1C008BB15D /* Sources */,
				6EBE37A426783D1C008BB15D /* Frameworks */,
				6EBE37A526783D1C008BB15D /* Resources */,
				E597C5D40A04D86555945CCE /* [CP] Embed Pods Frameworks */,
			);
			buildRules = (
			);
			dependencies = (
			);
			name = "MindWeather-iOS";
			productName = "MindWeather-iOS";
			productReference = 6EBE37A726783D1C008BB15D /* MindWeather-iOS.app */;
			productType = "com.apple.product-type.application";
		};
/* End PBXNativeTarget section */

/* Begin PBXProject section */
		6EBE379F26783D1C008BB15D /* Project object */ = {
			isa = PBXProject;
			attributes = {
				LastSwiftUpdateCheck = 1250;
				LastUpgradeCheck = 1250;
				TargetAttributes = {
					6EBE37A626783D1C008BB15D = {
						CreatedOnToolsVersion = 12.5;
					};
				};
			};
			buildConfigurationList = 6EBE37A226783D1C008BB15D /* Build configuration list for PBXProject "MindWeather-iOS" */;
			compatibilityVersion = "Xcode 9.3";
			developmentRegion = en;
			hasScannedForEncodings = 0;
			knownRegions = (
				en,
				Base,
				ko,
			);
			mainGroup = 6EBE379E26783D1C008BB15D;
			productRefGroup = 6EBE37A826783D1C008BB15D /* Products */;
			projectDirPath = "";
			projectRoot = "";
			targets = (
				6EBE37A626783D1C008BB15D /* MindWeather-iOS */,
			);
		};
/* End PBXProject section */

/* Begin PBXResourcesBuildPhase section */
		6EBE37A526783D1C008BB15D /* Resources */ = {
			isa = PBXResourcesBuildPhase;
			buildActionMask = 2147483647;
			files = (
				6EC26BC1268F351300391916 /* WeatherDescription.storyboard in Resources */,
				6EC26C00269AA34100391916 /* InfoPlist.strings in Resources */,
				6EC26BF72694907000391916 /* NanumSquareRoundR.ttf in Resources */,
				6EC26BBF268B6A1100391916 /* DiaryEdit.storyboard in Resources */,
				6EC26BC7268F4B6200391916 /* NickNameEdit.storyboard in Resources */,
				6EB04416268035CC00E047A7 /* Main.storyboard in Resources */,
				6EBE37B726783D28008BB15D /* LaunchScreen.storyboard in Resources */,
				6EC26BEA26948C8D00391916 /* NanumGothic.ttf in Resources */,
				6EBE37B426783D28008BB15D /* Assets.xcassets in Resources */,
				6EC26BEE26948E2C00391916 /* NanumMyeongjo.ttf in Resources */,
				6EB04412268016C200E047A7 /* SignUp.storyboard in Resources */,
				6EBE37D3267A2656008BB15D /* Login.storyboard in Resources */,
				6EC26BD82694736300391916 /* nanumpen.ttf in Resources */,
				6EC26BB1268B3A3200391916 /* DiaryDetail.storyboard in Resources */,
				6EB6F96D26A283410087B19F /* PersonalInformationProcessing.storyboard in Resources */,
				6EC26BF026948E9700391916 /* NanumMyeongjoBold.ttf in Resources */,
				6EBE37C926786A13008BB15D /* Tutorial.storyboard in Resources */,
				6EC26BFC2699FF9E00391916 /* Flash.storyboard in Resources */,
				6EC26BCF2690235A00391916 /* PasswordEdit.storyboard in Resources */,
				6EEC0A972687801100F3ABEC /* DiaryListCell.xib in Resources */,
				6EC26BF82694907000391916 /* NanumSquareRoundB.ttf in Resources */,
			);
			runOnlyForDeploymentPostprocessing = 0;
		};
/* End PBXResourcesBuildPhase section */

/* Begin PBXShellScriptBuildPhase section */
		E597C5D40A04D86555945CCE /* [CP] Embed Pods Frameworks */ = {
			isa = PBXShellScriptBuildPhase;
			buildActionMask = 2147483647;
			files = (
			);
			inputFileListPaths = (
				"${PODS_ROOT}/Target Support Files/Pods-MindWeather-iOS/Pods-MindWeather-iOS-frameworks-${CONFIGURATION}-input-files.xcfilelist",
			);
			name = "[CP] Embed Pods Frameworks";
			outputFileListPaths = (
				"${PODS_ROOT}/Target Support Files/Pods-MindWeather-iOS/Pods-MindWeather-iOS-frameworks-${CONFIGURATION}-output-files.xcfilelist",
			);
			runOnlyForDeploymentPostprocessing = 0;
			shellPath = /bin/sh;
			shellScript = "\"${PODS_ROOT}/Target Support Files/Pods-MindWeather-iOS/Pods-MindWeather-iOS-frameworks.sh\"\n";
			showEnvVarsInLog = 0;
		};
		EF4EF2DF03CB87D96703FF4F /* [CP] Check Pods Manifest.lock */ = {
			isa = PBXShellScriptBuildPhase;
			buildActionMask = 2147483647;
			files = (
			);
			inputFileListPaths = (
			);
			inputPaths = (
				"${PODS_PODFILE_DIR_PATH}/Podfile.lock",
				"${PODS_ROOT}/Manifest.lock",
			);
			name = "[CP] Check Pods Manifest.lock";
			outputFileListPaths = (
			);
			outputPaths = (
				"$(DERIVED_FILE_DIR)/Pods-MindWeather-iOS-checkManifestLockResult.txt",
			);
			runOnlyForDeploymentPostprocessing = 0;
			shellPath = /bin/sh;
			shellScript = "diff \"${PODS_PODFILE_DIR_PATH}/Podfile.lock\" \"${PODS_ROOT}/Manifest.lock\" > /dev/null\nif [ $? != 0 ] ; then\n    # print error to STDERR\n    echo \"error: The sandbox is not in sync with the Podfile.lock. Run 'pod install' or update your CocoaPods installation.\" >&2\n    exit 1\nfi\n# This output is used by Xcode 'outputs' to avoid re-running this script phase.\necho \"SUCCESS\" > \"${SCRIPT_OUTPUT_FILE_0}\"\n";
			showEnvVarsInLog = 0;
		};
/* End PBXShellScriptBuildPhase section */

/* Begin PBXSourcesBuildPhase section */
		6EBE37A326783D1C008BB15D /* Sources */ = {
			isa = PBXSourcesBuildPhase;
			buildActionMask = 2147483647;
			files = (
				6EBE37AF26783D1C008BB15D /* FlashViewController.swift in Sources */,
				6EBE37AB26783D1C008BB15D /* AppDelegate.swift in Sources */,
				6EBE37DB267F2D25008BB15D /* BaseInterceptor.swift in Sources */,
				6EB0442D26816B4400E047A7 /* Emotion.swift in Sources */,
				6EC26BD12690236E00391916 /* PasswordEditViewController.swift in Sources */,
				6EA8551D27CB7F910043524F /* ServiceInjector.swift in Sources */,
				6EC26BB7268B533100391916 /* DiaryEditViewController.swift in Sources */,
				6EBE37AD26783D1C008BB15D /* SceneDelegate.swift in Sources */,
				6EEC0A902686FF1E00F3ABEC /* DiaryDetailViewModel.swift in Sources */,
				6EBE37D1267A262E008BB15D /* LoginViewController.swift in Sources */,
				6EEC0A922687063B00F3ABEC /* DiaryListViewController.swift in Sources */,
				6EB044202680D3F400E047A7 /* Content.swift in Sources */,
				6EBE37DD267F38F0008BB15D /* LoginSignUpReturn.swift in Sources */,
				6EB0441A26808A4E00E047A7 /* BaseLogger.swift in Sources */,
				6EB0441C2680B92800E047A7 /* BaseRouter.swift in Sources */,
				6EB044102680169100E047A7 /* SignUpViewController.swift in Sources */,
				6EB044142680306900E047A7 /* SignUpRequest.swift in Sources */,
				6EA8551B27CB7F870043524F /* RepositoryInjector.swift in Sources */,
				6EB0441E2680D2FF00E047A7 /* Diary.swift in Sources */,
				6EBE37D9267F2C46008BB15D /* AlamofireManager.swift in Sources */,
				6EB0442926816AC300E047A7 /* DiaryService.swift in Sources */,
				6EEC0A99268877FD00F3ABEC /* DiaryDetailViewController.swift in Sources */,
				6EBE37CB267871B6008BB15D /* TutorialViewController.swift in Sources */,
				6EC26BC3268F423900391916 /* WeatherDescriptionViewController.swift in Sources */,
				6EB0441826804FA400E047A7 /* MainTabBarViewController.swift in Sources */,
				6EBE37D7267ED4FB008BB15D /* LoginRequest.swift in Sources */,
				6EC26BCB2690091800391916 /* ChangeUserName.swift in Sources */,
				6EB044252680D57800E047A7 /* DiaryRepo.swift in Sources */,
				6EC26BBD268B69F800391916 /* EditClickViewController.swift in Sources */,
				6EB6F96B26A282F30087B19F /* PersonalInformationProcessingViewController.swift in Sources */,
				6EBE37DF267F391F008BB15D /* LoginSignUpUser.swift in Sources */,
				6EEC0A8E2686FF0E00F3ABEC /* DiaryListViewModel.swift in Sources */,
				6EC26BCD269022FB00391916 /* ChangePassword.swift in Sources */,
				6EBE37D5267A2ACA008BB15D /* Constant.swift in Sources */,
				6EC26BC5268F443C00391916 /* MyPageViewController.swift in Sources */,
				6EB044272680D66F00E047A7 /* DiaryRepoImpl.swift in Sources */,
				6EC26BC9268F4B7F00391916 /* NickNameEditViewController.swift in Sources */,
				6EC26BB5268B3D7600391916 /* EmotionViewController.swift in Sources */,
				6EEC0A962687801100F3ABEC /* DiaryListCell.swift in Sources */,
				6EC26BD3269328DC00391916 /* EmotionViewModel.swift in Sources */,
				6EB0442B26816AD100E047A7 /* DiaryServiceImpl.swift in Sources */,
				6EA8551827C20F6A0043524F /* UIColor+Extension.swift in Sources */,
			);
			runOnlyForDeploymentPostprocessing = 0;
		};
/* End PBXSourcesBuildPhase section */

/* Begin PBXVariantGroup section */
		6EBE37B526783D28008BB15D /* LaunchScreen.storyboard */ = {
			isa = PBXVariantGroup;
			children = (
				6EBE37B626783D28008BB15D /* Base */,
				6EC26BFD269AA29700391916 /* ko */,
			);
			name = LaunchScreen.storyboard;
			sourceTree = "<group>";
		};
		6EC26C02269AA34100391916 /* InfoPlist.strings */ = {
			isa = PBXVariantGroup;
			children = (
				6EC26C01269AA34100391916 /* ko */,
				6EC26C03269AA34700391916 /* en */,
			);
			name = InfoPlist.strings;
			sourceTree = "<group>";
		};
/* End PBXVariantGroup section */

/* Begin XCBuildConfiguration section */
		6EBE37B926783D28008BB15D /* Debug */ = {
			isa = XCBuildConfiguration;
			buildSettings = {
				ALWAYS_SEARCH_USER_PATHS = NO;
				CLANG_ANALYZER_LOCALIZABILITY_NONLOCALIZED = YES;
				CLANG_ANALYZER_NONNULL = YES;
				CLANG_ANALYZER_NUMBER_OBJECT_CONVERSION = YES_AGGRESSIVE;
				CLANG_CXX_LANGUAGE_STANDARD = "gnu++14";
				CLANG_CXX_LIBRARY = "libc++";
				CLANG_ENABLE_MODULES = YES;
				CLANG_ENABLE_OBJC_ARC = YES;
				CLANG_ENABLE_OBJC_WEAK = YES;
				CLANG_WARN_BLOCK_CAPTURE_AUTORELEASING = YES;
				CLANG_WARN_BOOL_CONVERSION = YES;
				CLANG_WARN_COMMA = YES;
				CLANG_WARN_CONSTANT_CONVERSION = YES;
				CLANG_WARN_DEPRECATED_OBJC_IMPLEMENTATIONS = YES;
				CLANG_WARN_DIRECT_OBJC_ISA_USAGE = YES_ERROR;
				CLANG_WARN_DOCUMENTATION_COMMENTS = YES;
				CLANG_WARN_EMPTY_BODY = YES;
				CLANG_WARN_ENUM_CONVERSION = YES;
				CLANG_WARN_INFINITE_RECURSION = YES;
				CLANG_WARN_INT_CONVERSION = YES;
				CLANG_WARN_NON_LITERAL_NULL_CONVERSION = YES;
				CLANG_WARN_OBJC_IMPLICIT_RETAIN_SELF = YES;
				CLANG_WARN_OBJC_LITERAL_CONVERSION = YES;
				CLANG_WARN_OBJC_ROOT_CLASS = YES_ERROR;
				CLANG_WARN_QUOTED_INCLUDE_IN_FRAMEWORK_HEADER = YES;
				CLANG_WARN_RANGE_LOOP_ANALYSIS = YES;
				CLANG_WARN_STRICT_PROTOTYPES = YES;
				CLANG_WARN_SUSPICIOUS_MOVE = YES;
				CLANG_WARN_UNGUARDED_AVAILABILITY = YES_AGGRESSIVE;
				CLANG_WARN_UNREACHABLE_CODE = YES;
				CLANG_WARN__DUPLICATE_METHOD_MATCH = YES;
				COPY_PHASE_STRIP = NO;
				DEBUG_INFORMATION_FORMAT = dwarf;
				ENABLE_STRICT_OBJC_MSGSEND = YES;
				ENABLE_TESTABILITY = YES;
				GCC_C_LANGUAGE_STANDARD = gnu11;
				GCC_DYNAMIC_NO_PIC = NO;
				GCC_NO_COMMON_BLOCKS = YES;
				GCC_OPTIMIZATION_LEVEL = 0;
				GCC_PREPROCESSOR_DEFINITIONS = (
					"DEBUG=1",
					"$(inherited)",
				);
				GCC_WARN_64_TO_32_BIT_CONVERSION = YES;
				GCC_WARN_ABOUT_RETURN_TYPE = YES_ERROR;
				GCC_WARN_UNDECLARED_SELECTOR = YES;
				GCC_WARN_UNINITIALIZED_AUTOS = YES_AGGRESSIVE;
				GCC_WARN_UNUSED_FUNCTION = YES;
				GCC_WARN_UNUSED_VARIABLE = YES;
				IPHONEOS_DEPLOYMENT_TARGET = 13.0;
				MTL_ENABLE_DEBUG_INFO = INCLUDE_SOURCE;
				MTL_FAST_MATH = YES;
				ONLY_ACTIVE_ARCH = YES;
				SDKROOT = iphoneos;
				SWIFT_ACTIVE_COMPILATION_CONDITIONS = DEBUG;
				SWIFT_OPTIMIZATION_LEVEL = "-Onone";
			};
			name = Debug;
		};
		6EBE37BA26783D28008BB15D /* Release */ = {
			isa = XCBuildConfiguration;
			buildSettings = {
				ALWAYS_SEARCH_USER_PATHS = NO;
				CLANG_ANALYZER_LOCALIZABILITY_NONLOCALIZED = YES;
				CLANG_ANALYZER_NONNULL = YES;
				CLANG_ANALYZER_NUMBER_OBJECT_CONVERSION = YES_AGGRESSIVE;
				CLANG_CXX_LANGUAGE_STANDARD = "gnu++14";
				CLANG_CXX_LIBRARY = "libc++";
				CLANG_ENABLE_MODULES = YES;
				CLANG_ENABLE_OBJC_ARC = YES;
				CLANG_ENABLE_OBJC_WEAK = YES;
				CLANG_WARN_BLOCK_CAPTURE_AUTORELEASING = YES;
				CLANG_WARN_BOOL_CONVERSION = YES;
				CLANG_WARN_COMMA = YES;
				CLANG_WARN_CONSTANT_CONVERSION = YES;
				CLANG_WARN_DEPRECATED_OBJC_IMPLEMENTATIONS = YES;
				CLANG_WARN_DIRECT_OBJC_ISA_USAGE = YES_ERROR;
				CLANG_WARN_DOCUMENTATION_COMMENTS = YES;
				CLANG_WARN_EMPTY_BODY = YES;
				CLANG_WARN_ENUM_CONVERSION = YES;
				CLANG_WARN_INFINITE_RECURSION = YES;
				CLANG_WARN_INT_CONVERSION = YES;
				CLANG_WARN_NON_LITERAL_NULL_CONVERSION = YES;
				CLANG_WARN_OBJC_IMPLICIT_RETAIN_SELF = YES;
				CLANG_WARN_OBJC_LITERAL_CONVERSION = YES;
				CLANG_WARN_OBJC_ROOT_CLASS = YES_ERROR;
				CLANG_WARN_QUOTED_INCLUDE_IN_FRAMEWORK_HEADER = YES;
				CLANG_WARN_RANGE_LOOP_ANALYSIS = YES;
				CLANG_WARN_STRICT_PROTOTYPES = YES;
				CLANG_WARN_SUSPICIOUS_MOVE = YES;
				CLANG_WARN_UNGUARDED_AVAILABILITY = YES_AGGRESSIVE;
				CLANG_WARN_UNREACHABLE_CODE = YES;
				CLANG_WARN__DUPLICATE_METHOD_MATCH = YES;
				COPY_PHASE_STRIP = NO;
				DEBUG_INFORMATION_FORMAT = "dwarf-with-dsym";
				ENABLE_NS_ASSERTIONS = NO;
				ENABLE_STRICT_OBJC_MSGSEND = YES;
				GCC_C_LANGUAGE_STANDARD = gnu11;
				GCC_NO_COMMON_BLOCKS = YES;
				GCC_WARN_64_TO_32_BIT_CONVERSION = YES;
				GCC_WARN_ABOUT_RETURN_TYPE = YES_ERROR;
				GCC_WARN_UNDECLARED_SELECTOR = YES;
				GCC_WARN_UNINITIALIZED_AUTOS = YES_AGGRESSIVE;
				GCC_WARN_UNUSED_FUNCTION = YES;
				GCC_WARN_UNUSED_VARIABLE = YES;
				IPHONEOS_DEPLOYMENT_TARGET = 13.0;
				MTL_ENABLE_DEBUG_INFO = NO;
				MTL_FAST_MATH = YES;
				SDKROOT = iphoneos;
				SWIFT_COMPILATION_MODE = wholemodule;
				SWIFT_OPTIMIZATION_LEVEL = "-O";
				VALIDATE_PRODUCT = YES;
			};
			name = Release;
		};
		6EBE37BC26783D28008BB15D /* Debug */ = {
			isa = XCBuildConfiguration;
			baseConfigurationReference = 9C4C3D47ABB0C7D2B9A582AD /* Pods-MindWeather-iOS.debug.xcconfig */;
			buildSettings = {
				ASSETCATALOG_COMPILER_APPICON_NAME = AppIcon;
				ASSETCATALOG_COMPILER_GLOBAL_ACCENT_COLOR_NAME = AccentColor;
				CODE_SIGN_STYLE = Automatic;
				CURRENT_PROJECT_VERSION = 2;
				DEVELOPMENT_TEAM = ZF5QKD7LA2;
				INFOPLIST_FILE = "MindWeather-iOS/Info.plist";
				LD_RUNPATH_SEARCH_PATHS = (
					"$(inherited)",
					"@executable_path/Frameworks",
				);
				MARKETING_VERSION = 1.0.0;
				PRODUCT_BUNDLE_IDENTIFIER = "com.inju.MindWeather-iOS";
				PRODUCT_NAME = "$(TARGET_NAME)";
				SWIFT_VERSION = 5.0;
				TARGETED_DEVICE_FAMILY = 1;
			};
			name = Debug;
		};
		6EBE37BD26783D28008BB15D /* Release */ = {
			isa = XCBuildConfiguration;
			baseConfigurationReference = C0CF7A0408CF898E6F103749 /* Pods-MindWeather-iOS.release.xcconfig */;
			buildSettings = {
				ASSETCATALOG_COMPILER_APPICON_NAME = AppIcon;
				ASSETCATALOG_COMPILER_GLOBAL_ACCENT_COLOR_NAME = AccentColor;
				CODE_SIGN_STYLE = Automatic;
				CURRENT_PROJECT_VERSION = 2;
				DEVELOPMENT_TEAM = ZF5QKD7LA2;
				INFOPLIST_FILE = "MindWeather-iOS/Info.plist";
				LD_RUNPATH_SEARCH_PATHS = (
					"$(inherited)",
					"@executable_path/Frameworks",
				);
				MARKETING_VERSION = 1.0.0;
				PRODUCT_BUNDLE_IDENTIFIER = "com.inju.MindWeather-iOS";
				PRODUCT_NAME = "$(TARGET_NAME)";
				SWIFT_VERSION = 5.0;
				TARGETED_DEVICE_FAMILY = 1;
			};
			name = Release;
		};
/* End XCBuildConfiguration section */

/* Begin XCConfigurationList section */
		6EBE37A226783D1C008BB15D /* Build configuration list for PBXProject "MindWeather-iOS" */ = {
			isa = XCConfigurationList;
			buildConfigurations = (
				6EBE37B926783D28008BB15D /* Debug */,
				6EBE37BA26783D28008BB15D /* Release */,
			);
			defaultConfigurationIsVisible = 0;
			defaultConfigurationName = Release;
		};
		6EBE37BB26783D28008BB15D /* Build configuration list for PBXNativeTarget "MindWeather-iOS" */ = {
			isa = XCConfigurationList;
			buildConfigurations = (
				6EBE37BC26783D28008BB15D /* Debug */,
				6EBE37BD26783D28008BB15D /* Release */,
			);
			defaultConfigurationIsVisible = 0;
			defaultConfigurationName = Release;
		};
/* End XCConfigurationList section */
	};
	rootObject = 6EBE379F26783D1C008BB15D /* Project object */;
}
